// !$*UTF8*$!
{
	archiveVersion = 1;
	classes = {
	};
	objectVersion = 48;
	objects = {

/* Begin PBXBuildFile section */
		FF3C054420271808007FF078 /* menuViewController.xib in Resources */ = {isa = PBXBuildFile; fileRef = FF3C054620271808007FF078 /* menuViewController.xib */; };
		FF58B62A20270D1E00CD735C /* EasyNav.framework in Frameworks */ = {isa = PBXBuildFile; fileRef = FF58B62020270D1E00CD735C /* EasyNav.framework */; };
		FF58B62F20270D1E00CD735C /* EasyNavTests.swift in Sources */ = {isa = PBXBuildFile; fileRef = FF58B62E20270D1E00CD735C /* EasyNavTests.swift */; };
		FF58B63120270D1E00CD735C /* EasyNav.h in Headers */ = {isa = PBXBuildFile; fileRef = FF58B62320270D1E00CD735C /* EasyNav.h */; settings = {ATTRIBUTES = (Public, ); }; };
		FF58B63C20270D7200CD735C /* menuViewController.swift in Sources */ = {isa = PBXBuildFile; fileRef = FF58B63A20270D7200CD735C /* menuViewController.swift */; };
		FFAA5FB720271020007AB59B /* iconMenu.xcassets in Resources */ = {isa = PBXBuildFile; fileRef = FFAA5FB620271020007AB59B /* iconMenu.xcassets */; };
		FFAA5FC32027121B007AB59B /* RoundButton.swift in Sources */ = {isa = PBXBuildFile; fileRef = FFAA5FC22027121B007AB59B /* RoundButton.swift */; };
/* End PBXBuildFile section */

/* Begin PBXContainerItemProxy section */
		FF58B62B20270D1E00CD735C /* PBXContainerItemProxy */ = {
			isa = PBXContainerItemProxy;
			containerPortal = FF58B61720270D1E00CD735C /* Project object */;
			proxyType = 1;
			remoteGlobalIDString = FF58B61F20270D1E00CD735C;
			remoteInfo = EasyNav;
		};
/* End PBXContainerItemProxy section */

/* Begin PBXFileReference section */
		FF3C054520271808007FF078 /* en */ = {isa = PBXFileReference; lastKnownFileType = file.xib; name = en; path = en.lproj/menuViewController.xib; sourceTree = "<group>"; };
		FF58B62020270D1E00CD735C /* EasyNav.framework */ = {isa = PBXFileReference; explicitFileType = wrapper.framework; includeInIndex = 0; path = EasyNav.framework; sourceTree = BUILT_PRODUCTS_DIR; };
		FF58B62320270D1E00CD735C /* EasyNav.h */ = {isa = PBXFileReference; lastKnownFileType = sourcecode.c.h; path = EasyNav.h; sourceTree = "<group>"; };
		FF58B62420270D1E00CD735C /* Info.plist */ = {isa = PBXFileReference; lastKnownFileType = text.plist.xml; path = Info.plist; sourceTree = "<group>"; };
		FF58B62920270D1E00CD735C /* EasyNavTests.xctest */ = {isa = PBXFileReference; explicitFileType = wrapper.cfbundle; includeInIndex = 0; path = EasyNavTests.xctest; sourceTree = BUILT_PRODUCTS_DIR; };
		FF58B62E20270D1E00CD735C /* EasyNavTests.swift */ = {isa = PBXFileReference; lastKnownFileType = sourcecode.swift; path = EasyNavTests.swift; sourceTree = "<group>"; };
		FF58B63020270D1E00CD735C /* Info.plist */ = {isa = PBXFileReference; lastKnownFileType = text.plist.xml; path = Info.plist; sourceTree = "<group>"; };
		FF58B63A20270D7200CD735C /* menuViewController.swift */ = {isa = PBXFileReference; lastKnownFileType = sourcecode.swift; path = menuViewController.swift; sourceTree = "<group>"; };
		FFAA5FB620271020007AB59B /* iconMenu.xcassets */ = {isa = PBXFileReference; lastKnownFileType = folder.assetcatalog; path = iconMenu.xcassets; sourceTree = "<group>"; };
		FFAA5FC22027121B007AB59B /* RoundButton.swift */ = {isa = PBXFileReference; lastKnownFileType = sourcecode.swift; path = RoundButton.swift; sourceTree = "<group>"; };
/* End PBXFileReference section */

/* Begin PBXFrameworksBuildPhase section */
		FF58B61C20270D1E00CD735C /* Frameworks */ = {
			isa = PBXFrameworksBuildPhase;
			buildActionMask = 2147483647;
			files = (
			);
			runOnlyForDeploymentPostprocessing = 0;
		};
		FF58B62620270D1E00CD735C /* Frameworks */ = {
			isa = PBXFrameworksBuildPhase;
			buildActionMask = 2147483647;
			files = (
				FF58B62A20270D1E00CD735C /* EasyNav.framework in Frameworks */,
			);
			runOnlyForDeploymentPostprocessing = 0;
		};
/* End PBXFrameworksBuildPhase section */

/* Begin PBXGroup section */
		FF58B61620270D1E00CD735C = {
			isa = PBXGroup;
			children = (
				FF58B62220270D1E00CD735C /* EasyNav */,
				FF58B62D20270D1E00CD735C /* EasyNavTests */,
				FF58B62120270D1E00CD735C /* Products */,
			);
			sourceTree = "<group>";
		};
		FF58B62120270D1E00CD735C /* Products */ = {
			isa = PBXGroup;
			children = (
				FF58B62020270D1E00CD735C /* EasyNav.framework */,
				FF58B62920270D1E00CD735C /* EasyNavTests.xctest */,
			);
			name = Products;
			sourceTree = "<group>";
		};
		FF58B62220270D1E00CD735C /* EasyNav */ = {
			isa = PBXGroup;
			children = (
				FF58B62320270D1E00CD735C /* EasyNav.h */,
				FF58B62420270D1E00CD735C /* Info.plist */,
				FF58B63A20270D7200CD735C /* menuViewController.swift */,
				FF3C054620271808007FF078 /* menuViewController.xib */,
				FFAA5FB620271020007AB59B /* iconMenu.xcassets */,
				FFAA5FC22027121B007AB59B /* RoundButton.swift */,
			);
			path = EasyNav;
			sourceTree = "<group>";
		};
		FF58B62D20270D1E00CD735C /* EasyNavTests */ = {
			isa = PBXGroup;
			children = (
				FF58B62E20270D1E00CD735C /* EasyNavTests.swift */,
				FF58B63020270D1E00CD735C /* Info.plist */,
			);
			path = EasyNavTests;
			sourceTree = "<group>";
		};
/* End PBXGroup section */

/* Begin PBXHeadersBuildPhase section */
		FF58B61D20270D1E00CD735C /* Headers */ = {
			isa = PBXHeadersBuildPhase;
			buildActionMask = 2147483647;
			files = (
				FF58B63120270D1E00CD735C /* EasyNav.h in Headers */,
			);
			runOnlyForDeploymentPostprocessing = 0;
		};
/* End PBXHeadersBuildPhase section */

/* Begin PBXNativeTarget section */
		FF58B61F20270D1E00CD735C /* EasyNav */ = {
			isa = PBXNativeTarget;
			buildConfigurationList = FF58B63420270D1E00CD735C /* Build configuration list for PBXNativeTarget "EasyNav" */;
			buildPhases = (
				FF58B61B20270D1E00CD735C /* Sources */,
				FF58B61C20270D1E00CD735C /* Frameworks */,
				FF58B61D20270D1E00CD735C /* Headers */,
				FF58B61E20270D1E00CD735C /* Resources */,
			);
			buildRules = (
			);
			dependencies = (
			);
			name = EasyNav;
			productName = EasyNav;
			productReference = FF58B62020270D1E00CD735C /* EasyNav.framework */;
			productType = "com.apple.product-type.framework";
		};
		FF58B62820270D1E00CD735C /* EasyNavTests */ = {
			isa = PBXNativeTarget;
			buildConfigurationList = FF58B63720270D1E00CD735C /* Build configuration list for PBXNativeTarget "EasyNavTests" */;
			buildPhases = (
				FF58B62520270D1E00CD735C /* Sources */,
				FF58B62620270D1E00CD735C /* Frameworks */,
				FF58B62720270D1E00CD735C /* Resources */,
			);
			buildRules = (
			);
			dependencies = (
				FF58B62C20270D1E00CD735C /* PBXTargetDependency */,
			);
			name = EasyNavTests;
			productName = EasyNavTests;
			productReference = FF58B62920270D1E00CD735C /* EasyNavTests.xctest */;
			productType = "com.apple.product-type.bundle.unit-test";
		};
/* End PBXNativeTarget section */

/* Begin PBXProject section */
		FF58B61720270D1E00CD735C /* Project object */ = {
			isa = PBXProject;
			attributes = {
				LastSwiftUpdateCheck = 0920;
				LastUpgradeCheck = 0920;
				ORGANIZATIONNAME = "group-ios";
				TargetAttributes = {
					FF58B61F20270D1E00CD735C = {
						CreatedOnToolsVersion = 9.2;
						LastSwiftMigration = 0920;
						ProvisioningStyle = Automatic;
					};
					FF58B62820270D1E00CD735C = {
						CreatedOnToolsVersion = 9.2;
						ProvisioningStyle = Automatic;
					};
				};
			};
			buildConfigurationList = FF58B61A20270D1E00CD735C /* Build configuration list for PBXProject "EasyNav" */;
			compatibilityVersion = "Xcode 8.0";
			developmentRegion = en;
			hasScannedForEncodings = 0;
			knownRegions = (
				en,
			);
			mainGroup = FF58B61620270D1E00CD735C;
			productRefGroup = FF58B62120270D1E00CD735C /* Products */;
			projectDirPath = "";
			projectRoot = "";
			targets = (
				FF58B61F20270D1E00CD735C /* EasyNav */,
				FF58B62820270D1E00CD735C /* EasyNavTests */,
			);
		};
/* End PBXProject section */

/* Begin PBXResourcesBuildPhase section */
		FF58B61E20270D1E00CD735C /* Resources */ = {
			isa = PBXResourcesBuildPhase;
			buildActionMask = 2147483647;
			files = (
				FF3C054420271808007FF078 /* menuViewController.xib in Resources */,
				FFAA5FB720271020007AB59B /* iconMenu.xcassets in Resources */,
			);
			runOnlyForDeploymentPostprocessing = 0;
		};
		FF58B62720270D1E00CD735C /* Resources */ = {
			isa = PBXResourcesBuildPhase;
			buildActionMask = 2147483647;
			files = (
			);
			runOnlyForDeploymentPostprocessing = 0;
		};
/* End PBXResourcesBuildPhase section */

/* Begin PBXSourcesBuildPhase section */
		FF58B61B20270D1E00CD735C /* Sources */ = {
			isa = PBXSourcesBuildPhase;
			buildActionMask = 2147483647;
			files = (
				FFAA5FC32027121B007AB59B /* RoundButton.swift in Sources */,
				FF58B63C20270D7200CD735C /* menuViewController.swift in Sources */,
			);
			runOnlyForDeploymentPostprocessing = 0;
		};
		FF58B62520270D1E00CD735C /* Sources */ = {
			isa = PBXSourcesBuildPhase;
			buildActionMask = 2147483647;
			files = (
				FF58B62F20270D1E00CD735C /* EasyNavTests.swift in Sources */,
			);
			runOnlyForDeploymentPostprocessing = 0;
		};
/* End PBXSourcesBuildPhase section */

/* Begin PBXTargetDependency section */
		FF58B62C20270D1E00CD735C /* PBXTargetDependency */ = {
			isa = PBXTargetDependency;
			target = FF58B61F20270D1E00CD735C /* EasyNav */;
			targetProxy = FF58B62B20270D1E00CD735C /* PBXContainerItemProxy */;
		};
/* End PBXTargetDependency section */

/* Begin PBXVariantGroup section */
		FF3C054620271808007FF078 /* menuViewController.xib */ = {
			isa = PBXVariantGroup;
			children = (
				FF3C054520271808007FF078 /* en */,
			);
			name = menuViewController.xib;
			sourceTree = "<group>";
		};
/* End PBXVariantGroup section */

/* Begin XCBuildConfiguration section */
		FF58B63220270D1E00CD735C /* Debug */ = {
			isa = XCBuildConfiguration;
			buildSettings = {
				ALWAYS_SEARCH_USER_PATHS = NO;
				CLANG_ANALYZER_NONNULL = YES;
				CLANG_ANALYZER_NUMBER_OBJECT_CONVERSION = YES_AGGRESSIVE;
				CLANG_CXX_LANGUAGE_STANDARD = "gnu++14";
				CLANG_CXX_LIBRARY = "libc++";
				CLANG_ENABLE_MODULES = YES;
				CLANG_ENABLE_OBJC_ARC = YES;
				CLANG_WARN_BLOCK_CAPTURE_AUTORELEASING = YES;
				CLANG_WARN_BOOL_CONVERSION = YES;
				CLANG_WARN_COMMA = YES;
				CLANG_WARN_CONSTANT_CONVERSION = YES;
				CLANG_WARN_DIRECT_OBJC_ISA_USAGE = YES_ERROR;
				CLANG_WARN_DOCUMENTATION_COMMENTS = YES;
				CLANG_WARN_EMPTY_BODY = YES;
				CLANG_WARN_ENUM_CONVERSION = YES;
				CLANG_WARN_INFINITE_RECURSION = YES;
				CLANG_WARN_INT_CONVERSION = YES;
				CLANG_WARN_NON_LITERAL_NULL_CONVERSION = YES;
				CLANG_WARN_OBJC_LITERAL_CONVERSION = YES;
				CLANG_WARN_OBJC_ROOT_CLASS = YES_ERROR;
				CLANG_WARN_RANGE_LOOP_ANALYSIS = YES;
				CLANG_WARN_STRICT_PROTOTYPES = YES;
				CLANG_WARN_SUSPICIOUS_MOVE = YES;
				CLANG_WARN_UNGUARDED_AVAILABILITY = YES_AGGRESSIVE;
				CLANG_WARN_UNREACHABLE_CODE = YES;
				CLANG_WARN__DUPLICATE_METHOD_MATCH = YES;
				CODE_SIGN_IDENTITY = "iPhone Developer";
				COPY_PHASE_STRIP = NO;
				CURRENT_PROJECT_VERSION = 1;
				DEBUG_INFORMATION_FORMAT = dwarf;
				ENABLE_STRICT_OBJC_MSGSEND = YES;
				ENABLE_TESTABILITY = YES;
				GCC_C_LANGUAGE_STANDARD = gnu11;
				GCC_DYNAMIC_NO_PIC = NO;
				GCC_NO_COMMON_BLOCKS = YES;
				GCC_OPTIMIZATION_LEVEL = 0;
				GCC_PREPROCESSOR_DEFINITIONS = (
					"DEBUG=1",
					"$(inherited)",
				);
				GCC_WARN_64_TO_32_BIT_CONVERSION = YES;
				GCC_WARN_ABOUT_RETURN_TYPE = YES_ERROR;
				GCC_WARN_UNDECLARED_SELECTOR = YES;
				GCC_WARN_UNINITIALIZED_AUTOS = YES_AGGRESSIVE;
				GCC_WARN_UNUSED_FUNCTION = YES;
				GCC_WARN_UNUSED_VARIABLE = YES;
				IPHONEOS_DEPLOYMENT_TARGET = 11.2;
				MTL_ENABLE_DEBUG_INFO = YES;
				ONLY_ACTIVE_ARCH = YES;
				SDKROOT = iphoneos;
				SWIFT_ACTIVE_COMPILATION_CONDITIONS = DEBUG;
				SWIFT_OPTIMIZATION_LEVEL = "-Onone";
				VERSIONING_SYSTEM = "apple-generic";
				VERSION_INFO_PREFIX = "";
			};
			name = Debug;
		};
		FF58B63320270D1E00CD735C /* Release */ = {
			isa = XCBuildConfiguration;
			buildSettings = {
				ALWAYS_SEARCH_USER_PATHS = NO;
				CLANG_ANALYZER_NONNULL = YES;
				CLANG_ANALYZER_NUMBER_OBJECT_CONVERSION = YES_AGGRESSIVE;
				CLANG_CXX_LANGUAGE_STANDARD = "gnu++14";
				CLANG_CXX_LIBRARY = "libc++";
				CLANG_ENABLE_MODULES = YES;
				CLANG_ENABLE_OBJC_ARC = YES;
				CLANG_WARN_BLOCK_CAPTURE_AUTORELEASING = YES;
				CLANG_WARN_BOOL_CONVERSION = YES;
				CLANG_WARN_COMMA = YES;
				CLANG_WARN_CONSTANT_CONVERSION = YES;
				CLANG_WARN_DIRECT_OBJC_ISA_USAGE = YES_ERROR;
				CLANG_WARN_DOCUMENTATION_COMMENTS = YES;
				CLANG_WARN_EMPTY_BODY = YES;
				CLANG_WARN_ENUM_CONVERSION = YES;
				CLANG_WARN_INFINITE_RECURSION = YES;
				CLANG_WARN_INT_CONVERSION = YES;
				CLANG_WARN_NON_LITERAL_NULL_CONVERSION = YES;
				CLANG_WARN_OBJC_LITERAL_CONVERSION = YES;
				CLANG_WARN_OBJC_ROOT_CLASS = YES_ERROR;
				CLANG_WARN_RANGE_LOOP_ANALYSIS = YES;
				CLANG_WARN_STRICT_PROTOTYPES = YES;
				CLANG_WARN_SUSPICIOUS_MOVE = YES;
				CLANG_WARN_UNGUARDED_AVAILABILITY = YES_AGGRESSIVE;
				CLANG_WARN_UNREACHABLE_CODE = YES;
				CLANG_WARN__DUPLICATE_METHOD_MATCH = YES;
				CODE_SIGN_IDENTITY = "iPhone Developer";
				COPY_PHASE_STRIP = NO;
				CURRENT_PROJECT_VERSION = 1;
				DEBUG_INFORMATION_FORMAT = "dwarf-with-dsym";
				ENABLE_NS_ASSERTIONS = NO;
				ENABLE_STRICT_OBJC_MSGSEND = YES;
				GCC_C_LANGUAGE_STANDARD = gnu11;
				GCC_NO_COMMON_BLOCKS = YES;
				GCC_WARN_64_TO_32_BIT_CONVERSION = YES;
				GCC_WARN_ABOUT_RETURN_TYPE = YES_ERROR;
				GCC_WARN_UNDECLARED_SELECTOR = YES;
				GCC_WARN_UNINITIALIZED_AUTOS = YES_AGGRESSIVE;
				GCC_WARN_UNUSED_FUNCTION = YES;
				GCC_WARN_UNUSED_VARIABLE = YES;
				IPHONEOS_DEPLOYMENT_TARGET = 11.2;
				MTL_ENABLE_DEBUG_INFO = NO;
				SDKROOT = iphoneos;
				SWIFT_OPTIMIZATION_LEVEL = "-Owholemodule";
				VALIDATE_PRODUCT = YES;
				VERSIONING_SYSTEM = "apple-generic";
				VERSION_INFO_PREFIX = "";
			};
			name = Release;
		};
		FF58B63520270D1E00CD735C /* Debug */ = {
			isa = XCBuildConfiguration;
			buildSettings = {
				CLANG_ENABLE_MODULES = YES;
				CODE_SIGN_IDENTITY = "";
				CODE_SIGN_STYLE = Automatic;
				DEFINES_MODULE = YES;
				DYLIB_COMPATIBILITY_VERSION = 1;
				DYLIB_CURRENT_VERSION = 1;
				DYLIB_INSTALL_NAME_BASE = "@rpath";
				INFOPLIST_FILE = EasyNav/Info.plist;
				INSTALL_PATH = "$(LOCAL_LIBRARY_DIR)/Frameworks";
				LD_RUNPATH_SEARCH_PATHS = "$(inherited) @executable_path/Frameworks @loader_path/Frameworks";
				PRODUCT_BUNDLE_IDENTIFIER = "group-ios.EasyNav";
				PRODUCT_NAME = "$(TARGET_NAME:c99extidentifier)";
				SKIP_INSTALL = YES;
				SWIFT_OPTIMIZATION_LEVEL = "-Onone";
				SWIFT_VERSION = 4.0;
				TARGETED_DEVICE_FAMILY = "1,2";
			};
			name = Debug;
		};
		FF58B63620270D1E00CD735C /* Release */ = {
			isa = XCBuildConfiguration;
			buildSettings = {
				CLANG_ENABLE_MODULES = YES;
				CODE_SIGN_IDENTITY = "";
				CODE_SIGN_STYLE = Automatic;
				DEFINES_MODULE = YES;
				DYLIB_COMPATIBILITY_VERSION = 1;
				DYLIB_CURRENT_VERSION = 1;
				DYLIB_INSTALL_NAME_BASE = "@rpath";
				INFOPLIST_FILE = EasyNav/Info.plist;
				INSTALL_PATH = "$(LOCAL_LIBRARY_DIR)/Frameworks";
				LD_RUNPATH_SEARCH_PATHS = "$(inherited) @executable_path/Frameworks @loader_path/Frameworks";
				PRODUCT_BUNDLE_IDENTIFIER = "group-ios.EasyNav";
				PRODUCT_NAME = "$(TARGET_NAME:c99extidentifier)";
				SKIP_INSTALL = YES;
				SWIFT_VERSION = 4.0;
				TARGETED_DEVICE_FAMILY = "1,2";
			};
			name = Release;
		};
		FF58B63820270D1E00CD735C /* Debug */ = {
			isa = XCBuildConfiguration;
			buildSettings = {
				ALWAYS_EMBED_SWIFT_STANDARD_LIBRARIES = YES;
				CODE_SIGN_STYLE = Automatic;
				INFOPLIST_FILE = EasyNavTests/Info.plist;
				LD_RUNPATH_SEARCH_PATHS = "$(inherited) @executable_path/Frameworks @loader_path/Frameworks";
				PRODUCT_BUNDLE_IDENTIFIER = "group-ios.EasyNavTests";
				PRODUCT_NAME = "$(TARGET_NAME)";
				SWIFT_VERSION = 4.0;
				TARGETED_DEVICE_FAMILY = "1,2";
			};
			name = Debug;
		};
		FF58B63920270D1E00CD735C /* Release */ = {
			isa = XCBuildConfiguration;
			buildSettings = {
				ALWAYS_EMBED_SWIFT_STANDARD_LIBRARIES = YES;
				CODE_SIGN_STYLE = Automatic;
				INFOPLIST_FILE = EasyNavTests/Info.plist;
				LD_RUNPATH_SEARCH_PATHS = "$(inherited) @executable_path/Frameworks @loader_path/Frameworks";
				PRODUCT_BUNDLE_IDENTIFIER = "group-ios.EasyNavTests";
				PRODUCT_NAME = "$(TARGET_NAME)";
				SWIFT_VERSION = 4.0;
				TARGETED_DEVICE_FAMILY = "1,2";
			};
			name = Release;
		};
/* End XCBuildConfiguration section */

/* Begin XCConfigurationList section */
		FF58B61A20270D1E00CD735C /* Build configuration list for PBXProject "EasyNav" */ = {
			isa = XCConfigurationList;
			buildConfigurations = (
				FF58B63220270D1E00CD735C /* Debug */,
				FF58B63320270D1E00CD735C /* Release */,
			);
			defaultConfigurationIsVisible = 0;
			defaultConfigurationName = Release;
		};
		FF58B63420270D1E00CD735C /* Build configuration list for PBXNativeTarget "EasyNav" */ = {
			isa = XCConfigurationList;
			buildConfigurations = (
				FF58B63520270D1E00CD735C /* Debug */,
				FF58B63620270D1E00CD735C /* Release */,
			);
			defaultConfigurationIsVisible = 0;
			defaultConfigurationName = Release;
		};
		FF58B63720270D1E00CD735C /* Build configuration list for PBXNativeTarget "EasyNavTests" */ = {
			isa = XCConfigurationList;
			buildConfigurations = (
				FF58B63820270D1E00CD735C /* Debug */,
				FF58B63920270D1E00CD735C /* Release */,
			);
			defaultConfigurationIsVisible = 0;
			defaultConfigurationName = Release;
		};
/* End XCConfigurationList section */
	};
	rootObject = FF58B61720270D1E00CD735C /* Project object */;
}
