// !$*UTF8*$!
{
	archiveVersion = 1;
	classes = {
	};
	objectVersion = 48;
	objects = {

/* Begin PBXBuildFile section */
		FF7F2FFA202783DB001BBAD0 /* FrameNav.framework in Frameworks */ = {isa = PBXBuildFile; fileRef = FF7F2FF0202783DB001BBAD0 /* FrameNav.framework */; };
		FF7F2FFF202783DB001BBAD0 /* FrameNavTests.swift in Sources */ = {isa = PBXBuildFile; fileRef = FF7F2FFE202783DB001BBAD0 /* FrameNavTests.swift */; };
		FF7F3001202783DB001BBAD0 /* FrameNav.h in Headers */ = {isa = PBXBuildFile; fileRef = FF7F2FF3202783DB001BBAD0 /* FrameNav.h */; settings = {ATTRIBUTES = (Public, ); }; };
/* End PBXBuildFile section */

/* Begin PBXContainerItemProxy section */
		FF7F2FFB202783DB001BBAD0 /* PBXContainerItemProxy */ = {
			isa = PBXContainerItemProxy;
			containerPortal = FF7F2FE7202783DB001BBAD0 /* Project object */;
			proxyType = 1;
			remoteGlobalIDString = FF7F2FEF202783DB001BBAD0;
			remoteInfo = FrameNav;
		};
/* End PBXContainerItemProxy section */

/* Begin PBXFileReference section */
		FF7F2FF0202783DB001BBAD0 /* FrameNav.framework */ = {isa = PBXFileReference; explicitFileType = wrapper.framework; includeInIndex = 0; path = FrameNav.framework; sourceTree = BUILT_PRODUCTS_DIR; };
		FF7F2FF3202783DB001BBAD0 /* FrameNav.h */ = {isa = PBXFileReference; lastKnownFileType = sourcecode.c.h; path = FrameNav.h; sourceTree = "<group>"; };
		FF7F2FF4202783DB001BBAD0 /* Info.plist */ = {isa = PBXFileReference; lastKnownFileType = text.plist.xml; path = Info.plist; sourceTree = "<group>"; };
		FF7F2FF9202783DB001BBAD0 /* FrameNavTests.xctest */ = {isa = PBXFileReference; explicitFileType = wrapper.cfbundle; includeInIndex = 0; path = FrameNavTests.xctest; sourceTree = BUILT_PRODUCTS_DIR; };
		FF7F2FFE202783DB001BBAD0 /* FrameNavTests.swift */ = {isa = PBXFileReference; lastKnownFileType = sourcecode.swift; path = FrameNavTests.swift; sourceTree = "<group>"; };
		FF7F3000202783DB001BBAD0 /* Info.plist */ = {isa = PBXFileReference; lastKnownFileType = text.plist.xml; path = Info.plist; sourceTree = "<group>"; };
/* End PBXFileReference section */

/* Begin PBXFrameworksBuildPhase section */
		FF7F2FEC202783DB001BBAD0 /* Frameworks */ = {
			isa = PBXFrameworksBuildPhase;
			buildActionMask = 2147483647;
			files = (
			);
			runOnlyForDeploymentPostprocessing = 0;
		};
		FF7F2FF6202783DB001BBAD0 /* Frameworks */ = {
			isa = PBXFrameworksBuildPhase;
			buildActionMask = 2147483647;
			files = (
				FF7F2FFA202783DB001BBAD0 /* FrameNav.framework in Frameworks */,
			);
			runOnlyForDeploymentPostprocessing = 0;
		};
/* End PBXFrameworksBuildPhase section */

/* Begin PBXGroup section */
		FF7F2FE6202783DB001BBAD0 = {
			isa = PBXGroup;
			children = (
				FF7F2FF2202783DB001BBAD0 /* FrameNav */,
				FF7F2FFD202783DB001BBAD0 /* FrameNavTests */,
				FF7F2FF1202783DB001BBAD0 /* Products */,
			);
			sourceTree = "<group>";
		};
		FF7F2FF1202783DB001BBAD0 /* Products */ = {
			isa = PBXGroup;
			children = (
				FF7F2FF0202783DB001BBAD0 /* FrameNav.framework */,
				FF7F2FF9202783DB001BBAD0 /* FrameNavTests.xctest */,
			);
			name = Products;
			sourceTree = "<group>";
		};
		FF7F2FF2202783DB001BBAD0 /* FrameNav */ = {
			isa = PBXGroup;
			children = (
				FF7F2FF3202783DB001BBAD0 /* FrameNav.h */,
				FF7F2FF4202783DB001BBAD0 /* Info.plist */,
			);
			path = FrameNav;
			sourceTree = "<group>";
		};
		FF7F2FFD202783DB001BBAD0 /* FrameNavTests */ = {
			isa = PBXGroup;
			children = (
				FF7F2FFE202783DB001BBAD0 /* FrameNavTests.swift */,
				FF7F3000202783DB001BBAD0 /* Info.plist */,
			);
			path = FrameNavTests;
			sourceTree = "<group>";
		};
/* End PBXGroup section */

/* Begin PBXHeadersBuildPhase section */
		FF7F2FED202783DB001BBAD0 /* Headers */ = {
			isa = PBXHeadersBuildPhase;
			buildActionMask = 2147483647;
			files = (
				FF7F3001202783DB001BBAD0 /* FrameNav.h in Headers */,
			);
			runOnlyForDeploymentPostprocessing = 0;
		};
/* End PBXHeadersBuildPhase section */

/* Begin PBXNativeTarget section */
		FF7F2FEF202783DB001BBAD0 /* FrameNav */ = {
			isa = PBXNativeTarget;
			buildConfigurationList = FF7F3004202783DB001BBAD0 /* Build configuration list for PBXNativeTarget "FrameNav" */;
			buildPhases = (
				FF7F2FEB202783DB001BBAD0 /* Sources */,
				FF7F2FEC202783DB001BBAD0 /* Frameworks */,
				FF7F2FED202783DB001BBAD0 /* Headers */,
				FF7F2FEE202783DB001BBAD0 /* Resources */,
			);
			buildRules = (
			);
			dependencies = (
			);
			name = FrameNav;
			productName = FrameNav;
			productReference = FF7F2FF0202783DB001BBAD0 /* FrameNav.framework */;
			productType = "com.apple.product-type.framework";
		};
		FF7F2FF8202783DB001BBAD0 /* FrameNavTests */ = {
			isa = PBXNativeTarget;
			buildConfigurationList = FF7F3007202783DB001BBAD0 /* Build configuration list for PBXNativeTarget "FrameNavTests" */;
			buildPhases = (
				FF7F2FF5202783DB001BBAD0 /* Sources */,
				FF7F2FF6202783DB001BBAD0 /* Frameworks */,
				FF7F2FF7202783DB001BBAD0 /* Resources */,
			);
			buildRules = (
			);
			dependencies = (
				FF7F2FFC202783DB001BBAD0 /* PBXTargetDependency */,
			);
			name = FrameNavTests;
			productName = FrameNavTests;
			productReference = FF7F2FF9202783DB001BBAD0 /* FrameNavTests.xctest */;
			productType = "com.apple.product-type.bundle.unit-test";
		};
/* End PBXNativeTarget section */

/* Begin PBXProject section */
		FF7F2FE7202783DB001BBAD0 /* Project object */ = {
			isa = PBXProject;
			attributes = {
				LastSwiftUpdateCheck = 0920;
				LastUpgradeCheck = 0920;
				ORGANIZATIONNAME = "elena verona";
				TargetAttributes = {
					FF7F2FEF202783DB001BBAD0 = {
						CreatedOnToolsVersion = 9.2;
						ProvisioningStyle = Automatic;
					};
					FF7F2FF8202783DB001BBAD0 = {
						CreatedOnToolsVersion = 9.2;
						ProvisioningStyle = Automatic;
					};
				};
			};
			buildConfigurationList = FF7F2FEA202783DB001BBAD0 /* Build configuration list for PBXProject "FrameNav" */;
			compatibilityVersion = "Xcode 8.0";
			developmentRegion = en;
			hasScannedForEncodings = 0;
			knownRegions = (
				en,
			);
			mainGroup = FF7F2FE6202783DB001BBAD0;
			productRefGroup = FF7F2FF1202783DB001BBAD0 /* Products */;
			projectDirPath = "";
			projectRoot = "";
			targets = (
				FF7F2FEF202783DB001BBAD0 /* FrameNav */,
				FF7F2FF8202783DB001BBAD0 /* FrameNavTests */,
			);
		};
/* End PBXProject section */

/* Begin PBXResourcesBuildPhase section */
		FF7F2FEE202783DB001BBAD0 /* Resources */ = {
			isa = PBXResourcesBuildPhase;
			buildActionMask = 2147483647;
			files = (
			);
			runOnlyForDeploymentPostprocessing = 0;
		};
		FF7F2FF7202783DB001BBAD0 /* Resources */ = {
			isa = PBXResourcesBuildPhase;
			buildActionMask = 2147483647;
			files = (
			);
			runOnlyForDeploymentPostprocessing = 0;
		};
/* End PBXResourcesBuildPhase section */

/* Begin PBXSourcesBuildPhase section */
		FF7F2FEB202783DB001BBAD0 /* Sources */ = {
			isa = PBXSourcesBuildPhase;
			buildActionMask = 2147483647;
			files = (
			);
			runOnlyForDeploymentPostprocessing = 0;
		};
		FF7F2FF5202783DB001BBAD0 /* Sources */ = {
			isa = PBXSourcesBuildPhase;
			buildActionMask = 2147483647;
			files = (
				FF7F2FFF202783DB001BBAD0 /* FrameNavTests.swift in Sources */,
			);
			runOnlyForDeploymentPostprocessing = 0;
		};
/* End PBXSourcesBuildPhase section */

/* Begin PBXTargetDependency section */
		FF7F2FFC202783DB001BBAD0 /* PBXTargetDependency */ = {
			isa = PBXTargetDependency;
			target = FF7F2FEF202783DB001BBAD0 /* FrameNav */;
			targetProxy = FF7F2FFB202783DB001BBAD0 /* PBXContainerItemProxy */;
		};
/* End PBXTargetDependency section */

/* Begin XCBuildConfiguration section */
		FF7F3002202783DB001BBAD0 /* Debug */ = {
			isa = XCBuildConfiguration;
			buildSettings = {
				ALWAYS_SEARCH_USER_PATHS = NO;
				CLANG_ANALYZER_NONNULL = YES;
				CLANG_ANALYZER_NUMBER_OBJECT_CONVERSION = YES_AGGRESSIVE;
				CLANG_CXX_LANGUAGE_STANDARD = "gnu++14";
				CLANG_CXX_LIBRARY = "libc++";
				CLANG_ENABLE_MODULES = YES;
				CLANG_ENABLE_OBJC_ARC = YES;
				CLANG_WARN_BLOCK_CAPTURE_AUTORELEASING = YES;
				CLANG_WARN_BOOL_CONVERSION = YES;
				CLANG_WARN_COMMA = YES;
				CLANG_WARN_CONSTANT_CONVERSION = YES;
				CLANG_WARN_DIRECT_OBJC_ISA_USAGE = YES_ERROR;
				CLANG_WARN_DOCUMENTATION_COMMENTS = YES;
				CLANG_WARN_EMPTY_BODY = YES;
				CLANG_WARN_ENUM_CONVERSION = YES;
				CLANG_WARN_INFINITE_RECURSION = YES;
				CLANG_WARN_INT_CONVERSION = YES;
				CLANG_WARN_NON_LITERAL_NULL_CONVERSION = YES;
				CLANG_WARN_OBJC_LITERAL_CONVERSION = YES;
				CLANG_WARN_OBJC_ROOT_CLASS = YES_ERROR;
				CLANG_WARN_RANGE_LOOP_ANALYSIS = YES;
				CLANG_WARN_STRICT_PROTOTYPES = YES;
				CLANG_WARN_SUSPICIOUS_MOVE = YES;
				CLANG_WARN_UNGUARDED_AVAILABILITY = YES_AGGRESSIVE;
				CLANG_WARN_UNREACHABLE_CODE = YES;
				CLANG_WARN__DUPLICATE_METHOD_MATCH = YES;
				CODE_SIGN_IDENTITY = "iPhone Developer";
				COPY_PHASE_STRIP = NO;
				CURRENT_PROJECT_VERSION = 1;
				DEBUG_INFORMATION_FORMAT = dwarf;
				ENABLE_STRICT_OBJC_MSGSEND = YES;
				ENABLE_TESTABILITY = YES;
				GCC_C_LANGUAGE_STANDARD = gnu11;
				GCC_DYNAMIC_NO_PIC = NO;
				GCC_NO_COMMON_BLOCKS = YES;
				GCC_OPTIMIZATION_LEVEL = 0;
				GCC_PREPROCESSOR_DEFINITIONS = (
					"DEBUG=1",
					"$(inherited)",
				);
				GCC_WARN_64_TO_32_BIT_CONVERSION = YES;
				GCC_WARN_ABOUT_RETURN_TYPE = YES_ERROR;
				GCC_WARN_UNDECLARED_SELECTOR = YES;
				GCC_WARN_UNINITIALIZED_AUTOS = YES_AGGRESSIVE;
				GCC_WARN_UNUSED_FUNCTION = YES;
				GCC_WARN_UNUSED_VARIABLE = YES;
				IPHONEOS_DEPLOYMENT_TARGET = 11.2;
				MTL_ENABLE_DEBUG_INFO = YES;
				ONLY_ACTIVE_ARCH = YES;
				SDKROOT = iphoneos;
				SWIFT_ACTIVE_COMPILATION_CONDITIONS = DEBUG;
				SWIFT_OPTIMIZATION_LEVEL = "-Onone";
				VERSIONING_SYSTEM = "apple-generic";
				VERSION_INFO_PREFIX = "";
			};
			name = Debug;
		};
		FF7F3003202783DB001BBAD0 /* Release */ = {
			isa = XCBuildConfiguration;
			buildSettings = {
				ALWAYS_SEARCH_USER_PATHS = NO;
				CLANG_ANALYZER_NONNULL = YES;
				CLANG_ANALYZER_NUMBER_OBJECT_CONVERSION = YES_AGGRESSIVE;
				CLANG_CXX_LANGUAGE_STANDARD = "gnu++14";
				CLANG_CXX_LIBRARY = "libc++";
				CLANG_ENABLE_MODULES = YES;
				CLANG_ENABLE_OBJC_ARC = YES;
				CLANG_WARN_BLOCK_CAPTURE_AUTORELEASING = YES;
				CLANG_WARN_BOOL_CONVERSION = YES;
				CLANG_WARN_COMMA = YES;
				CLANG_WARN_CONSTANT_CONVERSION = YES;
				CLANG_WARN_DIRECT_OBJC_ISA_USAGE = YES_ERROR;
				CLANG_WARN_DOCUMENTATION_COMMENTS = YES;
				CLANG_WARN_EMPTY_BODY = YES;
				CLANG_WARN_ENUM_CONVERSION = YES;
				CLANG_WARN_INFINITE_RECURSION = YES;
				CLANG_WARN_INT_CONVERSION = YES;
				CLANG_WARN_NON_LITERAL_NULL_CONVERSION = YES;
				CLANG_WARN_OBJC_LITERAL_CONVERSION = YES;
				CLANG_WARN_OBJC_ROOT_CLASS = YES_ERROR;
				CLANG_WARN_RANGE_LOOP_ANALYSIS = YES;
				CLANG_WARN_STRICT_PROTOTYPES = YES;
				CLANG_WARN_SUSPICIOUS_MOVE = YES;
				CLANG_WARN_UNGUARDED_AVAILABILITY = YES_AGGRESSIVE;
				CLANG_WARN_UNREACHABLE_CODE = YES;
				CLANG_WARN__DUPLICATE_METHOD_MATCH = YES;
				CODE_SIGN_IDENTITY = "iPhone Developer";
				COPY_PHASE_STRIP = NO;
				CURRENT_PROJECT_VERSION = 1;
				DEBUG_INFORMATION_FORMAT = "dwarf-with-dsym";
				ENABLE_NS_ASSERTIONS = NO;
				ENABLE_STRICT_OBJC_MSGSEND = YES;
				GCC_C_LANGUAGE_STANDARD = gnu11;
				GCC_NO_COMMON_BLOCKS = YES;
				GCC_WARN_64_TO_32_BIT_CONVERSION = YES;
				GCC_WARN_ABOUT_RETURN_TYPE = YES_ERROR;
				GCC_WARN_UNDECLARED_SELECTOR = YES;
				GCC_WARN_UNINITIALIZED_AUTOS = YES_AGGRESSIVE;
				GCC_WARN_UNUSED_FUNCTION = YES;
				GCC_WARN_UNUSED_VARIABLE = YES;
				IPHONEOS_DEPLOYMENT_TARGET = 11.2;
				MTL_ENABLE_DEBUG_INFO = NO;
				SDKROOT = iphoneos;
				SWIFT_OPTIMIZATION_LEVEL = "-Owholemodule";
				VALIDATE_PRODUCT = YES;
				VERSIONING_SYSTEM = "apple-generic";
				VERSION_INFO_PREFIX = "";
			};
			name = Release;
		};
		FF7F3005202783DB001BBAD0 /* Debug */ = {
			isa = XCBuildConfiguration;
			buildSettings = {
				CODE_SIGN_IDENTITY = "";
				CODE_SIGN_STYLE = Automatic;
				DEFINES_MODULE = YES;
				DYLIB_COMPATIBILITY_VERSION = 1;
				DYLIB_CURRENT_VERSION = 1;
				DYLIB_INSTALL_NAME_BASE = "@rpath";
				INFOPLIST_FILE = FrameNav/Info.plist;
				INSTALL_PATH = "$(LOCAL_LIBRARY_DIR)/Frameworks";
				LD_RUNPATH_SEARCH_PATHS = "$(inherited) @executable_path/Frameworks @loader_path/Frameworks";
				PRODUCT_BUNDLE_IDENTIFIER = ios.FrameNav;
				PRODUCT_NAME = "$(TARGET_NAME:c99extidentifier)";
				SKIP_INSTALL = YES;
				SWIFT_VERSION = 4.0;
				TARGETED_DEVICE_FAMILY = 1;
			};
			name = Debug;
		};
		FF7F3006202783DB001BBAD0 /* Release */ = {
			isa = XCBuildConfiguration;
			buildSettings = {
				CODE_SIGN_IDENTITY = "";
				CODE_SIGN_STYLE = Automatic;
				DEFINES_MODULE = YES;
				DYLIB_COMPATIBILITY_VERSION = 1;
				DYLIB_CURRENT_VERSION = 1;
				DYLIB_INSTALL_NAME_BASE = "@rpath";
				INFOPLIST_FILE = FrameNav/Info.plist;
				INSTALL_PATH = "$(LOCAL_LIBRARY_DIR)/Frameworks";
				LD_RUNPATH_SEARCH_PATHS = "$(inherited) @executable_path/Frameworks @loader_path/Frameworks";
				PRODUCT_BUNDLE_IDENTIFIER = ios.FrameNav;
				PRODUCT_NAME = "$(TARGET_NAME:c99extidentifier)";
				SKIP_INSTALL = YES;
				SWIFT_VERSION = 4.0;
				TARGETED_DEVICE_FAMILY = 1;
			};
			name = Release;
		};
		FF7F3008202783DB001BBAD0 /* Debug */ = {
			isa = XCBuildConfiguration;
			buildSettings = {
				CODE_SIGN_STYLE = Automatic;
				INFOPLIST_FILE = FrameNavTests/Info.plist;
				LD_RUNPATH_SEARCH_PATHS = "$(inherited) @executable_path/Frameworks @loader_path/Frameworks";
				PRODUCT_BUNDLE_IDENTIFIER = ios.FrameNavTests;
				PRODUCT_NAME = "$(TARGET_NAME)";
				SWIFT_VERSION = 4.0;
				TARGETED_DEVICE_FAMILY = "1,2";
			};
			name = Debug;
		};
		FF7F3009202783DB001BBAD0 /* Release */ = {
			isa = XCBuildConfiguration;
			buildSettings = {
				CODE_SIGN_STYLE = Automatic;
				INFOPLIST_FILE = FrameNavTests/Info.plist;
				LD_RUNPATH_SEARCH_PATHS = "$(inherited) @executable_path/Frameworks @loader_path/Frameworks";
				PRODUCT_BUNDLE_IDENTIFIER = ios.FrameNavTests;
				PRODUCT_NAME = "$(TARGET_NAME)";
				SWIFT_VERSION = 4.0;
				TARGETED_DEVICE_FAMILY = "1,2";
			};
			name = Release;
		};
/* End XCBuildConfiguration section */

/* Begin XCConfigurationList section */
		FF7F2FEA202783DB001BBAD0 /* Build configuration list for PBXProject "FrameNav" */ = {
			isa = XCConfigurationList;
			buildConfigurations = (
				FF7F3002202783DB001BBAD0 /* Debug */,
				FF7F3003202783DB001BBAD0 /* Release */,
			);
			defaultConfigurationIsVisible = 0;
			defaultConfigurationName = Release;
		};
		FF7F3004202783DB001BBAD0 /* Build configuration list for PBXNativeTarget "FrameNav" */ = {
			isa = XCConfigurationList;
			buildConfigurations = (
				FF7F3005202783DB001BBAD0 /* Debug */,
				FF7F3006202783DB001BBAD0 /* Release */,
			);
			defaultConfigurationIsVisible = 0;
			defaultConfigurationName = Release;
		};
		FF7F3007202783DB001BBAD0 /* Build configuration list for PBXNativeTarget "FrameNavTests" */ = {
			isa = XCConfigurationList;
			buildConfigurations = (
				FF7F3008202783DB001BBAD0 /* Debug */,
				FF7F3009202783DB001BBAD0 /* Release */,
			);
			defaultConfigurationIsVisible = 0;
			defaultConfigurationName = Release;
		};
/* End XCConfigurationList section */
	};
	rootObject = FF7F2FE7202783DB001BBAD0 /* Project object */;
}
